
Microsoft Visual Studio Solution File, Format Version 12.00
# Visual Studio Version 17
VisualStudioVersion = 17.3.32929.385
MinimumVisualStudioVersion = 10.0.40219.1
Project("{FAE04EC0-301F-11D3-BF4B-00C04F79EFBC}") = "Calculadora de Prazos trabalhistas", "Calculadora de Prazos trabalhistas\Calculadora de Prazos trabalhistas.csproj", "{F4DD68FB-67CA-4570-8A89-1FE89843887E}"
EndProject
Global
	GlobalSection(SolutionConfigurationPlatforms) = preSolution
		Debug|Any CPU = Debug|Any CPU
		Release|Any CPU = Release|Any CPU
	EndGlobalSection
	GlobalSection(ProjectConfigurationPlatforms) = postSolution
		{F4DD68FB-67CA-4570-8A89-1FE89843887E}.Debug|Any CPU.ActiveCfg = Debug|Any CPU
		{F4DD68FB-67CA-4570-8A89-1FE89843887E}.Debug|Any CPU.Build.0 = Debug|Any CPU
		{F4DD68FB-67CA-4570-8A89-1FE89843887E}.Release|Any CPU.ActiveCfg = Release|Any CPU
		{F4DD68FB-67CA-4570-8A89-1FE89843887E}.Release|Any CPU.Build.0 = Release|Any CPU
	EndGlobalSection
	GlobalSection(SolutionProperties) = preSolution
		HideSolutionNode = FALSE
	EndGlobalSection
	GlobalSection(ExtensibilityGlobals) = postSolution
		SolutionGuid = {EFD3CCF9-FF58-412F-89D0-2E5B5D73301F}
	EndGlobalSection
EndGlobal
